// !$*UTF8*$!
{
	archiveVersion = 1;
	classes = {
	};
	objectVersion = 48;
	objects = {

/* Begin PBXBuildFile section */
		8190BA4E203244100015EC99 /* AppDelegate.swift in Sources */ = {isa = PBXBuildFile; fileRef = 8190BA4D203244100015EC99 /* AppDelegate.swift */; };
		8190BA55203244100015EC99 /* Assets.xcassets in Resources */ = {isa = PBXBuildFile; fileRef = 8190BA54203244100015EC99 /* Assets.xcassets */; };
		8190BA58203244100015EC99 /* LaunchScreen.storyboard in Resources */ = {isa = PBXBuildFile; fileRef = 8190BA56203244100015EC99 /* LaunchScreen.storyboard */; };
		8190BA63203244110015EC99 /* FlashCardAppTests.swift in Sources */ = {isa = PBXBuildFile; fileRef = 8190BA62203244110015EC99 /* FlashCardAppTests.swift */; };
		8190BA6E203244110015EC99 /* FlashCardAppUITests.swift in Sources */ = {isa = PBXBuildFile; fileRef = 8190BA6D203244110015EC99 /* FlashCardAppUITests.swift */; };
		8190BA7C20324B3B0015EC99 /* LoginView.swift in Sources */ = {isa = PBXBuildFile; fileRef = 8190BA7B20324B3B0015EC99 /* LoginView.swift */; };
		8190BA8220324B810015EC99 /* LoginViewController.swift in Sources */ = {isa = PBXBuildFile; fileRef = 8190BA8120324B810015EC99 /* LoginViewController.swift */; };
		8190BA8420324B9C0015EC99 /* CreateAccountView.swift in Sources */ = {isa = PBXBuildFile; fileRef = 8190BA8320324B9C0015EC99 /* CreateAccountView.swift */; };
		8190BA8620324BBD0015EC99 /* CategoriesView.swift in Sources */ = {isa = PBXBuildFile; fileRef = 8190BA8520324BBD0015EC99 /* CategoriesView.swift */; };
		8190BA8820324BD00015EC99 /* CategoriesViewController.swift in Sources */ = {isa = PBXBuildFile; fileRef = 8190BA8720324BD00015EC99 /* CategoriesViewController.swift */; };
		8190BA8A20324CFB0015EC99 /* FlashcardQuizViewController.swift in Sources */ = {isa = PBXBuildFile; fileRef = 8190BA8920324CFB0015EC99 /* FlashcardQuizViewController.swift */; };
		8190BA8C20324D180015EC99 /* FlashcardFrontView.swift in Sources */ = {isa = PBXBuildFile; fileRef = 8190BA8B20324D180015EC99 /* FlashcardFrontView.swift */; };
		8190BA8E20324D2D0015EC99 /* FlashcardBackView.swift in Sources */ = {isa = PBXBuildFile; fileRef = 8190BA8D20324D2D0015EC99 /* FlashcardBackView.swift */; };
		8190BA9020324DCF0015EC99 /* AuthUserManager.swift in Sources */ = {isa = PBXBuildFile; fileRef = 8190BA8F20324DCF0015EC99 /* AuthUserManager.swift */; };
		8190BA9220324DE20015EC99 /* FirebaseCardManager.swift in Sources */ = {isa = PBXBuildFile; fileRef = 8190BA9120324DE20015EC99 /* FirebaseCardManager.swift */; };
		8190BA942032500D0015EC99 /* FirebaseModels.swift in Sources */ = {isa = PBXBuildFile; fileRef = 8190BA932032500D0015EC99 /* FirebaseModels.swift */; };
		8190BA9620326D920015EC99 /* GoogleService-Info.plist in Resources */ = {isa = PBXBuildFile; fileRef = 8190BA9520326D920015EC99 /* GoogleService-Info.plist */; };
		8190BA98203275970015EC99 /* FirebaseCategoryManager.swift in Sources */ = {isa = PBXBuildFile; fileRef = 8190BA97203275970015EC99 /* FirebaseCategoryManager.swift */; };
		81F9EAEA2033B42800A80AF0 /* Main.storyboard in Resources */ = {isa = PBXBuildFile; fileRef = 81F9EAE92033B42800A80AF0 /* Main.storyboard */; };
		8DA7D67D9C596220BAB2C8B7 /* Pods_FlashCardAppTests.framework in Frameworks */ = {isa = PBXBuildFile; fileRef = DB08CF6DEE29B9907FCD33DC /* Pods_FlashCardAppTests.framework */; };
		8ECC107BC777998D3ACA2CF0 /* Pods_FlashCardApp.framework in Frameworks */ = {isa = PBXBuildFile; fileRef = B4C0E5073F42508421A5676E /* Pods_FlashCardApp.framework */; };
		C46D5645C89FC63EFCC6692B /* Pods_FlashCardAppUITests.framework in Frameworks */ = {isa = PBXBuildFile; fileRef = B3E30AF4C856252C5BECAC6E /* Pods_FlashCardAppUITests.framework */; };
/* End PBXBuildFile section */

/* Begin PBXContainerItemProxy section */
		8190BA5F203244110015EC99 /* PBXContainerItemProxy */ = {
			isa = PBXContainerItemProxy;
			containerPortal = 8190BA42203244100015EC99 /* Project object */;
			proxyType = 1;
			remoteGlobalIDString = 8190BA49203244100015EC99;
			remoteInfo = FlashCardApp;
		};
		8190BA6A203244110015EC99 /* PBXContainerItemProxy */ = {
			isa = PBXContainerItemProxy;
			containerPortal = 8190BA42203244100015EC99 /* Project object */;
			proxyType = 1;
			remoteGlobalIDString = 8190BA49203244100015EC99;
			remoteInfo = FlashCardApp;
		};
/* End PBXContainerItemProxy section */

/* Begin PBXFileReference section */
		29DDA438C173C8947563C3A7 /* Pods-FlashCardAppUITests.release.xcconfig */ = {isa = PBXFileReference; includeInIndex = 1; lastKnownFileType = text.xcconfig; name = "Pods-FlashCardAppUITests.release.xcconfig"; path = "Pods/Target Support Files/Pods-FlashCardAppUITests/Pods-FlashCardAppUITests.release.xcconfig"; sourceTree = "<group>"; };
		2A697A0140F1AF92F8F80229 /* Pods-FlashCardApp.release.xcconfig */ = {isa = PBXFileReference; includeInIndex = 1; lastKnownFileType = text.xcconfig; name = "Pods-FlashCardApp.release.xcconfig"; path = "Pods/Target Support Files/Pods-FlashCardApp/Pods-FlashCardApp.release.xcconfig"; sourceTree = "<group>"; };
		63C79E3E008400EA00A5690E /* Pods-FlashCardApp.debug.xcconfig */ = {isa = PBXFileReference; includeInIndex = 1; lastKnownFileType = text.xcconfig; name = "Pods-FlashCardApp.debug.xcconfig"; path = "Pods/Target Support Files/Pods-FlashCardApp/Pods-FlashCardApp.debug.xcconfig"; sourceTree = "<group>"; };
		8190BA4A203244100015EC99 /* FlashCardApp.app */ = {isa = PBXFileReference; explicitFileType = wrapper.application; includeInIndex = 0; path = FlashCardApp.app; sourceTree = BUILT_PRODUCTS_DIR; };
		8190BA4D203244100015EC99 /* AppDelegate.swift */ = {isa = PBXFileReference; lastKnownFileType = sourcecode.swift; path = AppDelegate.swift; sourceTree = "<group>"; };
		8190BA54203244100015EC99 /* Assets.xcassets */ = {isa = PBXFileReference; lastKnownFileType = folder.assetcatalog; path = Assets.xcassets; sourceTree = "<group>"; };
		8190BA57203244100015EC99 /* Base */ = {isa = PBXFileReference; lastKnownFileType = file.storyboard; name = Base; path = Base.lproj/LaunchScreen.storyboard; sourceTree = "<group>"; };
		8190BA59203244100015EC99 /* Info.plist */ = {isa = PBXFileReference; lastKnownFileType = text.plist.xml; path = Info.plist; sourceTree = "<group>"; };
		8190BA5E203244110015EC99 /* FlashCardAppTests.xctest */ = {isa = PBXFileReference; explicitFileType = wrapper.cfbundle; includeInIndex = 0; path = FlashCardAppTests.xctest; sourceTree = BUILT_PRODUCTS_DIR; };
		8190BA62203244110015EC99 /* FlashCardAppTests.swift */ = {isa = PBXFileReference; lastKnownFileType = sourcecode.swift; path = FlashCardAppTests.swift; sourceTree = "<group>"; };
		8190BA64203244110015EC99 /* Info.plist */ = {isa = PBXFileReference; lastKnownFileType = text.plist.xml; path = Info.plist; sourceTree = "<group>"; };
		8190BA69203244110015EC99 /* FlashCardAppUITests.xctest */ = {isa = PBXFileReference; explicitFileType = wrapper.cfbundle; includeInIndex = 0; path = FlashCardAppUITests.xctest; sourceTree = BUILT_PRODUCTS_DIR; };
		8190BA6D203244110015EC99 /* FlashCardAppUITests.swift */ = {isa = PBXFileReference; lastKnownFileType = sourcecode.swift; path = FlashCardAppUITests.swift; sourceTree = "<group>"; };
		8190BA6F203244110015EC99 /* Info.plist */ = {isa = PBXFileReference; lastKnownFileType = text.plist.xml; path = Info.plist; sourceTree = "<group>"; };
		8190BA7B20324B3B0015EC99 /* LoginView.swift */ = {isa = PBXFileReference; lastKnownFileType = sourcecode.swift; path = LoginView.swift; sourceTree = "<group>"; };
		8190BA8120324B810015EC99 /* LoginViewController.swift */ = {isa = PBXFileReference; lastKnownFileType = sourcecode.swift; path = LoginViewController.swift; sourceTree = "<group>"; };
		8190BA8320324B9C0015EC99 /* CreateAccountView.swift */ = {isa = PBXFileReference; lastKnownFileType = sourcecode.swift; path = CreateAccountView.swift; sourceTree = "<group>"; };
		8190BA8520324BBD0015EC99 /* CategoriesView.swift */ = {isa = PBXFileReference; lastKnownFileType = sourcecode.swift; path = CategoriesView.swift; sourceTree = "<group>"; };
		8190BA8720324BD00015EC99 /* CategoriesViewController.swift */ = {isa = PBXFileReference; lastKnownFileType = sourcecode.swift; path = CategoriesViewController.swift; sourceTree = "<group>"; };
		8190BA8920324CFB0015EC99 /* FlashcardQuizViewController.swift */ = {isa = PBXFileReference; lastKnownFileType = sourcecode.swift; path = FlashcardQuizViewController.swift; sourceTree = "<group>"; };
		8190BA8B20324D180015EC99 /* FlashcardFrontView.swift */ = {isa = PBXFileReference; lastKnownFileType = sourcecode.swift; path = FlashcardFrontView.swift; sourceTree = "<group>"; };
		8190BA8D20324D2D0015EC99 /* FlashcardBackView.swift */ = {isa = PBXFileReference; lastKnownFileType = sourcecode.swift; path = FlashcardBackView.swift; sourceTree = "<group>"; };
		8190BA8F20324DCF0015EC99 /* AuthUserManager.swift */ = {isa = PBXFileReference; lastKnownFileType = sourcecode.swift; path = AuthUserManager.swift; sourceTree = "<group>"; };
		8190BA9120324DE20015EC99 /* FirebaseCardManager.swift */ = {isa = PBXFileReference; lastKnownFileType = sourcecode.swift; path = FirebaseCardManager.swift; sourceTree = "<group>"; };
		8190BA932032500D0015EC99 /* FirebaseModels.swift */ = {isa = PBXFileReference; lastKnownFileType = sourcecode.swift; path = FirebaseModels.swift; sourceTree = "<group>"; };
		8190BA9520326D920015EC99 /* GoogleService-Info.plist */ = {isa = PBXFileReference; fileEncoding = 4; lastKnownFileType = text.plist.xml; path = "GoogleService-Info.plist"; sourceTree = "<group>"; };
		8190BA97203275970015EC99 /* FirebaseCategoryManager.swift */ = {isa = PBXFileReference; lastKnownFileType = sourcecode.swift; path = FirebaseCategoryManager.swift; sourceTree = "<group>"; };
		81F9EAE92033B42800A80AF0 /* Main.storyboard */ = {isa = PBXFileReference; lastKnownFileType = file.storyboard; path = Main.storyboard; sourceTree = "<group>"; };
		9F703169413A9E56E5470F50 /* Pods-FlashCardAppTests.debug.xcconfig */ = {isa = PBXFileReference; includeInIndex = 1; lastKnownFileType = text.xcconfig; name = "Pods-FlashCardAppTests.debug.xcconfig"; path = "Pods/Target Support Files/Pods-FlashCardAppTests/Pods-FlashCardAppTests.debug.xcconfig"; sourceTree = "<group>"; };
		B3E30AF4C856252C5BECAC6E /* Pods_FlashCardAppUITests.framework */ = {isa = PBXFileReference; explicitFileType = wrapper.framework; includeInIndex = 0; path = Pods_FlashCardAppUITests.framework; sourceTree = BUILT_PRODUCTS_DIR; };
		B4C0E5073F42508421A5676E /* Pods_FlashCardApp.framework */ = {isa = PBXFileReference; explicitFileType = wrapper.framework; includeInIndex = 0; path = Pods_FlashCardApp.framework; sourceTree = BUILT_PRODUCTS_DIR; };
		CEC42AD283B7F99B5A900E8D /* Pods-FlashCardAppUITests.debug.xcconfig */ = {isa = PBXFileReference; includeInIndex = 1; lastKnownFileType = text.xcconfig; name = "Pods-FlashCardAppUITests.debug.xcconfig"; path = "Pods/Target Support Files/Pods-FlashCardAppUITests/Pods-FlashCardAppUITests.debug.xcconfig"; sourceTree = "<group>"; };
		DB08CF6DEE29B9907FCD33DC /* Pods_FlashCardAppTests.framework */ = {isa = PBXFileReference; explicitFileType = wrapper.framework; includeInIndex = 0; path = Pods_FlashCardAppTests.framework; sourceTree = BUILT_PRODUCTS_DIR; };
		F4F700807E55353808B1F88E /* Pods-FlashCardAppTests.release.xcconfig */ = {isa = PBXFileReference; includeInIndex = 1; lastKnownFileType = text.xcconfig; name = "Pods-FlashCardAppTests.release.xcconfig"; path = "Pods/Target Support Files/Pods-FlashCardAppTests/Pods-FlashCardAppTests.release.xcconfig"; sourceTree = "<group>"; };
/* End PBXFileReference section */

/* Begin PBXFrameworksBuildPhase section */
		8190BA47203244100015EC99 /* Frameworks */ = {
			isa = PBXFrameworksBuildPhase;
			buildActionMask = 2147483647;
			files = (
				8ECC107BC777998D3ACA2CF0 /* Pods_FlashCardApp.framework in Frameworks */,
			);
			runOnlyForDeploymentPostprocessing = 0;
		};
		8190BA5B203244110015EC99 /* Frameworks */ = {
			isa = PBXFrameworksBuildPhase;
			buildActionMask = 2147483647;
			files = (
				8DA7D67D9C596220BAB2C8B7 /* Pods_FlashCardAppTests.framework in Frameworks */,
			);
			runOnlyForDeploymentPostprocessing = 0;
		};
		8190BA66203244110015EC99 /* Frameworks */ = {
			isa = PBXFrameworksBuildPhase;
			buildActionMask = 2147483647;
			files = (
				C46D5645C89FC63EFCC6692B /* Pods_FlashCardAppUITests.framework in Frameworks */,
			);
			runOnlyForDeploymentPostprocessing = 0;
		};
/* End PBXFrameworksBuildPhase section */

/* Begin PBXGroup section */
		8190BA41203244100015EC99 = {
			isa = PBXGroup;
			children = (
				8190BA4C203244100015EC99 /* FlashCardApp */,
				8190BA61203244110015EC99 /* FlashCardAppTests */,
				8190BA6C203244110015EC99 /* FlashCardAppUITests */,
				8190BA4B203244100015EC99 /* Products */,
				AC0074EB05C32FF805F424F2 /* Pods */,
				B80B51842A7B54A84D82A6F8 /* Frameworks */,
			);
			sourceTree = "<group>";
		};
		8190BA4B203244100015EC99 /* Products */ = {
			isa = PBXGroup;
			children = (
				8190BA4A203244100015EC99 /* FlashCardApp.app */,
				8190BA5E203244110015EC99 /* FlashCardAppTests.xctest */,
				8190BA69203244110015EC99 /* FlashCardAppUITests.xctest */,
			);
			name = Products;
			sourceTree = "<group>";
		};
		8190BA4C203244100015EC99 /* FlashCardApp */ = {
			isa = PBXGroup;
			children = (
				8190BA8020324B600015EC99 /* Services */,
				8190BA7F20324B570015EC99 /* Models */,
				8190BA7E20324B4B0015EC99 /* View Controllers */,
				8190BA7D20324B410015EC99 /* Views */,
				8190BA4D203244100015EC99 /* AppDelegate.swift */,
				8190BA54203244100015EC99 /* Assets.xcassets */,
				8190BA56203244100015EC99 /* LaunchScreen.storyboard */,
				8190BA9520326D920015EC99 /* GoogleService-Info.plist */,
				8190BA59203244100015EC99 /* Info.plist */,
				81F9EAE92033B42800A80AF0 /* Main.storyboard */,
			);
			path = FlashCardApp;
			sourceTree = "<group>";
		};
		8190BA61203244110015EC99 /* FlashCardAppTests */ = {
			isa = PBXGroup;
			children = (
				8190BA62203244110015EC99 /* FlashCardAppTests.swift */,
				8190BA64203244110015EC99 /* Info.plist */,
			);
			path = FlashCardAppTests;
			sourceTree = "<group>";
		};
		8190BA6C203244110015EC99 /* FlashCardAppUITests */ = {
			isa = PBXGroup;
			children = (
				8190BA6D203244110015EC99 /* FlashCardAppUITests.swift */,
				8190BA6F203244110015EC99 /* Info.plist */,
			);
			path = FlashCardAppUITests;
			sourceTree = "<group>";
		};
		8190BA7D20324B410015EC99 /* Views */ = {
			isa = PBXGroup;
			children = (
				8190BA7B20324B3B0015EC99 /* LoginView.swift */,
				8190BA8320324B9C0015EC99 /* CreateAccountView.swift */,
				8190BA8520324BBD0015EC99 /* CategoriesView.swift */,
				8190BA8B20324D180015EC99 /* FlashcardFrontView.swift */,
				8190BA8D20324D2D0015EC99 /* FlashcardBackView.swift */,
			);
			path = Views;
			sourceTree = "<group>";
		};
		8190BA7E20324B4B0015EC99 /* View Controllers */ = {
			isa = PBXGroup;
			children = (
				8190BA8120324B810015EC99 /* LoginViewController.swift */,
				8190BA8720324BD00015EC99 /* CategoriesViewController.swift */,
				8190BA8920324CFB0015EC99 /* FlashcardQuizViewController.swift */,
			);
			path = "View Controllers";
			sourceTree = "<group>";
		};
		8190BA7F20324B570015EC99 /* Models */ = {
			isa = PBXGroup;
			children = (
				8190BA932032500D0015EC99 /* FirebaseModels.swift */,
			);
			path = Models;
			sourceTree = "<group>";
		};
		8190BA8020324B600015EC99 /* Services */ = {
			isa = PBXGroup;
			children = (
				8190BA8F20324DCF0015EC99 /* AuthUserManager.swift */,
				8190BA9120324DE20015EC99 /* FirebaseCardManager.swift */,
				8190BA97203275970015EC99 /* FirebaseCategoryManager.swift */,
			);
			path = Services;
			sourceTree = "<group>";
		};
		AC0074EB05C32FF805F424F2 /* Pods */ = {
			isa = PBXGroup;
			children = (
				63C79E3E008400EA00A5690E /* Pods-FlashCardApp.debug.xcconfig */,
				2A697A0140F1AF92F8F80229 /* Pods-FlashCardApp.release.xcconfig */,
				9F703169413A9E56E5470F50 /* Pods-FlashCardAppTests.debug.xcconfig */,
				F4F700807E55353808B1F88E /* Pods-FlashCardAppTests.release.xcconfig */,
				CEC42AD283B7F99B5A900E8D /* Pods-FlashCardAppUITests.debug.xcconfig */,
				29DDA438C173C8947563C3A7 /* Pods-FlashCardAppUITests.release.xcconfig */,
			);
			name = Pods;
			sourceTree = "<group>";
		};
		B80B51842A7B54A84D82A6F8 /* Frameworks */ = {
			isa = PBXGroup;
			children = (
				B4C0E5073F42508421A5676E /* Pods_FlashCardApp.framework */,
				DB08CF6DEE29B9907FCD33DC /* Pods_FlashCardAppTests.framework */,
				B3E30AF4C856252C5BECAC6E /* Pods_FlashCardAppUITests.framework */,
			);
			name = Frameworks;
			sourceTree = "<group>";
		};
/* End PBXGroup section */

/* Begin PBXNativeTarget section */
		8190BA49203244100015EC99 /* FlashCardApp */ = {
			isa = PBXNativeTarget;
			buildConfigurationList = 8190BA72203244110015EC99 /* Build configuration list for PBXNativeTarget "FlashCardApp" */;
			buildPhases = (
				643B868A38752A3776A83861 /* [CP] Check Pods Manifest.lock */,
				8190BA46203244100015EC99 /* Sources */,
				8190BA47203244100015EC99 /* Frameworks */,
				8190BA48203244100015EC99 /* Resources */,
				69BC8BB545A0D6B20E9D6859 /* [CP] Embed Pods Frameworks */,
				7838F888345F0714760AFEA9 /* [CP] Copy Pods Resources */,
			);
			buildRules = (
			);
			dependencies = (
			);
			name = FlashCardApp;
			productName = FlashCardApp;
			productReference = 8190BA4A203244100015EC99 /* FlashCardApp.app */;
			productType = "com.apple.product-type.application";
		};
		8190BA5D203244110015EC99 /* FlashCardAppTests */ = {
			isa = PBXNativeTarget;
			buildConfigurationList = 8190BA75203244110015EC99 /* Build configuration list for PBXNativeTarget "FlashCardAppTests" */;
			buildPhases = (
				8BE66E926C5176980D3349F1 /* [CP] Check Pods Manifest.lock */,
				8190BA5A203244110015EC99 /* Sources */,
				8190BA5B203244110015EC99 /* Frameworks */,
				8190BA5C203244110015EC99 /* Resources */,
				C71E19DC99E342549898AC11 /* [CP] Embed Pods Frameworks */,
				FBE33CC756FF33C651F7C40E /* [CP] Copy Pods Resources */,
			);
			buildRules = (
			);
			dependencies = (
				8190BA60203244110015EC99 /* PBXTargetDependency */,
			);
			name = FlashCardAppTests;
			productName = FlashCardAppTests;
			productReference = 8190BA5E203244110015EC99 /* FlashCardAppTests.xctest */;
			productType = "com.apple.product-type.bundle.unit-test";
		};
		8190BA68203244110015EC99 /* FlashCardAppUITests */ = {
			isa = PBXNativeTarget;
			buildConfigurationList = 8190BA78203244110015EC99 /* Build configuration list for PBXNativeTarget "FlashCardAppUITests" */;
			buildPhases = (
				F02B543E097169CEF296A596 /* [CP] Check Pods Manifest.lock */,
				8190BA65203244110015EC99 /* Sources */,
				8190BA66203244110015EC99 /* Frameworks */,
				8190BA67203244110015EC99 /* Resources */,
				25F456DE7D3DB71253D124B4 /* [CP] Embed Pods Frameworks */,
				C7E6D01D1A4E99F1CDB9364F /* [CP] Copy Pods Resources */,
			);
			buildRules = (
			);
			dependencies = (
				8190BA6B203244110015EC99 /* PBXTargetDependency */,
			);
			name = FlashCardAppUITests;
			productName = FlashCardAppUITests;
			productReference = 8190BA69203244110015EC99 /* FlashCardAppUITests.xctest */;
			productType = "com.apple.product-type.bundle.ui-testing";
		};
/* End PBXNativeTarget section */

/* Begin PBXProject section */
		8190BA42203244100015EC99 /* Project object */ = {
			isa = PBXProject;
			attributes = {
				LastSwiftUpdateCheck = 0920;
				LastUpgradeCheck = 0920;
				ORGANIZATIONNAME = C4Q;
				TargetAttributes = {
					8190BA49203244100015EC99 = {
						CreatedOnToolsVersion = 9.2;
						ProvisioningStyle = Automatic;
					};
					8190BA5D203244110015EC99 = {
						CreatedOnToolsVersion = 9.2;
						ProvisioningStyle = Automatic;
						TestTargetID = 8190BA49203244100015EC99;
					};
					8190BA68203244110015EC99 = {
						CreatedOnToolsVersion = 9.2;
						ProvisioningStyle = Automatic;
						TestTargetID = 8190BA49203244100015EC99;
					};
				};
			};
			buildConfigurationList = 8190BA45203244100015EC99 /* Build configuration list for PBXProject "FlashCardApp" */;
			compatibilityVersion = "Xcode 8.0";
			developmentRegion = en;
			hasScannedForEncodings = 0;
			knownRegions = (
				en,
				Base,
			);
			mainGroup = 8190BA41203244100015EC99;
			productRefGroup = 8190BA4B203244100015EC99 /* Products */;
			projectDirPath = "";
			projectRoot = "";
			targets = (
				8190BA49203244100015EC99 /* FlashCardApp */,
				8190BA5D203244110015EC99 /* FlashCardAppTests */,
				8190BA68203244110015EC99 /* FlashCardAppUITests */,
			);
		};
/* End PBXProject section */

/* Begin PBXResourcesBuildPhase section */
		8190BA48203244100015EC99 /* Resources */ = {
			isa = PBXResourcesBuildPhase;
			buildActionMask = 2147483647;
			files = (
				8190BA58203244100015EC99 /* LaunchScreen.storyboard in Resources */,
				8190BA55203244100015EC99 /* Assets.xcassets in Resources */,
				8190BA9620326D920015EC99 /* GoogleService-Info.plist in Resources */,
				81F9EAEA2033B42800A80AF0 /* Main.storyboard in Resources */,
			);
			runOnlyForDeploymentPostprocessing = 0;
		};
		8190BA5C203244110015EC99 /* Resources */ = {
			isa = PBXResourcesBuildPhase;
			buildActionMask = 2147483647;
			files = (
			);
			runOnlyForDeploymentPostprocessing = 0;
		};
		8190BA67203244110015EC99 /* Resources */ = {
			isa = PBXResourcesBuildPhase;
			buildActionMask = 2147483647;
			files = (
			);
			runOnlyForDeploymentPostprocessing = 0;
		};
/* End PBXResourcesBuildPhase section */

/* Begin PBXShellScriptBuildPhase section */
		25F456DE7D3DB71253D124B4 /* [CP] Embed Pods Frameworks */ = {
			isa = PBXShellScriptBuildPhase;
			buildActionMask = 2147483647;
			files = (
			);
			inputPaths = (
			);
			name = "[CP] Embed Pods Frameworks";
			outputPaths = (
			);
			runOnlyForDeploymentPostprocessing = 0;
			shellPath = /bin/sh;
			shellScript = "\"${SRCROOT}/Pods/Target Support Files/Pods-FlashCardAppUITests/Pods-FlashCardAppUITests-frameworks.sh\"\n";
			showEnvVarsInLog = 0;
		};
		643B868A38752A3776A83861 /* [CP] Check Pods Manifest.lock */ = {
			isa = PBXShellScriptBuildPhase;
			buildActionMask = 2147483647;
			files = (
			);
			inputPaths = (
				"${PODS_PODFILE_DIR_PATH}/Podfile.lock",
				"${PODS_ROOT}/Manifest.lock",
			);
			name = "[CP] Check Pods Manifest.lock";
			outputPaths = (
				"$(DERIVED_FILE_DIR)/Pods-FlashCardApp-checkManifestLockResult.txt",
			);
			runOnlyForDeploymentPostprocessing = 0;
			shellPath = /bin/sh;
			shellScript = "diff \"${PODS_PODFILE_DIR_PATH}/Podfile.lock\" \"${PODS_ROOT}/Manifest.lock\" > /dev/null\nif [ $? != 0 ] ; then\n    # print error to STDERR\n    echo \"error: The sandbox is not in sync with the Podfile.lock. Run 'pod install' or update your CocoaPods installation.\" >&2\n    exit 1\nfi\n# This output is used by Xcode 'outputs' to avoid re-running this script phase.\necho \"SUCCESS\" > \"${SCRIPT_OUTPUT_FILE_0}\"\n";
			showEnvVarsInLog = 0;
		};
		69BC8BB545A0D6B20E9D6859 /* [CP] Embed Pods Frameworks */ = {
			isa = PBXShellScriptBuildPhase;
			buildActionMask = 2147483647;
			files = (
			);
			inputPaths = (
				"${SRCROOT}/Pods/Target Support Files/Pods-FlashCardApp/Pods-FlashCardApp-frameworks.sh",
				"${BUILT_PRODUCTS_DIR}/GTMSessionFetcher/GTMSessionFetcher.framework",
				"${BUILT_PRODUCTS_DIR}/GoogleToolboxForMac/GoogleToolboxForMac.framework",
				"${BUILT_PRODUCTS_DIR}/leveldb-library/leveldb.framework",
				"${BUILT_PRODUCTS_DIR}/nanopb/nanopb.framework",
			);
			name = "[CP] Embed Pods Frameworks";
			outputPaths = (
				"${TARGET_BUILD_DIR}/${FRAMEWORKS_FOLDER_PATH}/GTMSessionFetcher.framework",
				"${TARGET_BUILD_DIR}/${FRAMEWORKS_FOLDER_PATH}/GoogleToolboxForMac.framework",
				"${TARGET_BUILD_DIR}/${FRAMEWORKS_FOLDER_PATH}/leveldb.framework",
				"${TARGET_BUILD_DIR}/${FRAMEWORKS_FOLDER_PATH}/nanopb.framework",
			);
			runOnlyForDeploymentPostprocessing = 0;
			shellPath = /bin/sh;
			shellScript = "\"${SRCROOT}/Pods/Target Support Files/Pods-FlashCardApp/Pods-FlashCardApp-frameworks.sh\"\n";
			showEnvVarsInLog = 0;
		};
		7838F888345F0714760AFEA9 /* [CP] Copy Pods Resources */ = {
			isa = PBXShellScriptBuildPhase;
			buildActionMask = 2147483647;
			files = (
			);
			inputPaths = (
			);
			name = "[CP] Copy Pods Resources";
			outputPaths = (
			);
			runOnlyForDeploymentPostprocessing = 0;
			shellPath = /bin/sh;
			shellScript = "\"${SRCROOT}/Pods/Target Support Files/Pods-FlashCardApp/Pods-FlashCardApp-resources.sh\"\n";
			showEnvVarsInLog = 0;
		};
		8BE66E926C5176980D3349F1 /* [CP] Check Pods Manifest.lock */ = {
			isa = PBXShellScriptBuildPhase;
			buildActionMask = 2147483647;
			files = (
			);
			inputPaths = (
				"${PODS_PODFILE_DIR_PATH}/Podfile.lock",
				"${PODS_ROOT}/Manifest.lock",
			);
			name = "[CP] Check Pods Manifest.lock";
			outputPaths = (
				"$(DERIVED_FILE_DIR)/Pods-FlashCardAppTests-checkManifestLockResult.txt",
			);
			runOnlyForDeploymentPostprocessing = 0;
			shellPath = /bin/sh;
			shellScript = "diff \"${PODS_PODFILE_DIR_PATH}/Podfile.lock\" \"${PODS_ROOT}/Manifest.lock\" > /dev/null\nif [ $? != 0 ] ; then\n    # print error to STDERR\n    echo \"error: The sandbox is not in sync with the Podfile.lock. Run 'pod install' or update your CocoaPods installation.\" >&2\n    exit 1\nfi\n# This output is used by Xcode 'outputs' to avoid re-running this script phase.\necho \"SUCCESS\" > \"${SCRIPT_OUTPUT_FILE_0}\"\n";
			showEnvVarsInLog = 0;
		};
		C71E19DC99E342549898AC11 /* [CP] Embed Pods Frameworks */ = {
			isa = PBXShellScriptBuildPhase;
			buildActionMask = 2147483647;
			files = (
			);
			inputPaths = (
			);
			name = "[CP] Embed Pods Frameworks";
			outputPaths = (
			);
			runOnlyForDeploymentPostprocessing = 0;
			shellPath = /bin/sh;
			shellScript = "\"${SRCROOT}/Pods/Target Support Files/Pods-FlashCardAppTests/Pods-FlashCardAppTests-frameworks.sh\"\n";
			showEnvVarsInLog = 0;
		};
		C7E6D01D1A4E99F1CDB9364F /* [CP] Copy Pods Resources */ = {
			isa = PBXShellScriptBuildPhase;
			buildActionMask = 2147483647;
			files = (
			);
			inputPaths = (
			);
			name = "[CP] Copy Pods Resources";
			outputPaths = (
			);
			runOnlyForDeploymentPostprocessing = 0;
			shellPath = /bin/sh;
			shellScript = "\"${SRCROOT}/Pods/Target Support Files/Pods-FlashCardAppUITests/Pods-FlashCardAppUITests-resources.sh\"\n";
			showEnvVarsInLog = 0;
		};
		F02B543E097169CEF296A596 /* [CP] Check Pods Manifest.lock */ = {
			isa = PBXShellScriptBuildPhase;
			buildActionMask = 2147483647;
			files = (
			);
			inputPaths = (
				"${PODS_PODFILE_DIR_PATH}/Podfile.lock",
				"${PODS_ROOT}/Manifest.lock",
			);
			name = "[CP] Check Pods Manifest.lock";
			outputPaths = (
				"$(DERIVED_FILE_DIR)/Pods-FlashCardAppUITests-checkManifestLockResult.txt",
			);
			runOnlyForDeploymentPostprocessing = 0;
			shellPath = /bin/sh;
			shellScript = "diff \"${PODS_PODFILE_DIR_PATH}/Podfile.lock\" \"${PODS_ROOT}/Manifest.lock\" > /dev/null\nif [ $? != 0 ] ; then\n    # print error to STDERR\n    echo \"error: The sandbox is not in sync with the Podfile.lock. Run 'pod install' or update your CocoaPods installation.\" >&2\n    exit 1\nfi\n# This output is used by Xcode 'outputs' to avoid re-running this script phase.\necho \"SUCCESS\" > \"${SCRIPT_OUTPUT_FILE_0}\"\n";
			showEnvVarsInLog = 0;
		};
		FBE33CC756FF33C651F7C40E /* [CP] Copy Pods Resources */ = {
			isa = PBXShellScriptBuildPhase;
			buildActionMask = 2147483647;
			files = (
			);
			inputPaths = (
			);
			name = "[CP] Copy Pods Resources";
			outputPaths = (
			);
			runOnlyForDeploymentPostprocessing = 0;
			shellPath = /bin/sh;
			shellScript = "\"${SRCROOT}/Pods/Target Support Files/Pods-FlashCardAppTests/Pods-FlashCardAppTests-resources.sh\"\n";
			showEnvVarsInLog = 0;
		};
/* End PBXShellScriptBuildPhase section */

/* Begin PBXSourcesBuildPhase section */
		8190BA46203244100015EC99 /* Sources */ = {
			isa = PBXSourcesBuildPhase;
			buildActionMask = 2147483647;
			files = (
				8190BA942032500D0015EC99 /* FirebaseModels.swift in Sources */,
				8190BA98203275970015EC99 /* FirebaseCategoryManager.swift in Sources */,
				8190BA8E20324D2D0015EC99 /* FlashcardBackView.swift in Sources */,
				8190BA8220324B810015EC99 /* LoginViewController.swift in Sources */,
				8190BA7C20324B3B0015EC99 /* LoginView.swift in Sources */,
				8190BA8820324BD00015EC99 /* CategoriesViewController.swift in Sources */,
				8190BA8420324B9C0015EC99 /* CreateAccountView.swift in Sources */,
				8190BA9020324DCF0015EC99 /* AuthUserManager.swift in Sources */,
				8190BA8A20324CFB0015EC99 /* FlashcardQuizViewController.swift in Sources */,
				8190BA8620324BBD0015EC99 /* CategoriesView.swift in Sources */,
				8190BA9220324DE20015EC99 /* FirebaseCardManager.swift in Sources */,
				8190BA4E203244100015EC99 /* AppDelegate.swift in Sources */,
				8190BA8C20324D180015EC99 /* FlashcardFrontView.swift in Sources */,
			);
			runOnlyForDeploymentPostprocessing = 0;
		};
		8190BA5A203244110015EC99 /* Sources */ = {
			isa = PBXSourcesBuildPhase;
			buildActionMask = 2147483647;
			files = (
				8190BA63203244110015EC99 /* FlashCardAppTests.swift in Sources */,
			);
			runOnlyForDeploymentPostprocessing = 0;
		};
		8190BA65203244110015EC99 /* Sources */ = {
			isa = PBXSourcesBuildPhase;
			buildActionMask = 2147483647;
			files = (
				8190BA6E203244110015EC99 /* FlashCardAppUITests.swift in Sources */,
			);
			runOnlyForDeploymentPostprocessing = 0;
		};
/* End PBXSourcesBuildPhase section */

/* Begin PBXTargetDependency section */
		8190BA60203244110015EC99 /* PBXTargetDependency */ = {
			isa = PBXTargetDependency;
			target = 8190BA49203244100015EC99 /* FlashCardApp */;
			targetProxy = 8190BA5F203244110015EC99 /* PBXContainerItemProxy */;
		};
		8190BA6B203244110015EC99 /* PBXTargetDependency */ = {
			isa = PBXTargetDependency;
			target = 8190BA49203244100015EC99 /* FlashCardApp */;
			targetProxy = 8190BA6A203244110015EC99 /* PBXContainerItemProxy */;
		};
/* End PBXTargetDependency section */

/* Begin PBXVariantGroup section */
		8190BA56203244100015EC99 /* LaunchScreen.storyboard */ = {
			isa = PBXVariantGroup;
			children = (
				8190BA57203244100015EC99 /* Base */,
			);
			name = LaunchScreen.storyboard;
			sourceTree = "<group>";
		};
/* End PBXVariantGroup section */

/* Begin XCBuildConfiguration section */
		8190BA70203244110015EC99 /* Debug */ = {
			isa = XCBuildConfiguration;
			buildSettings = {
				ALWAYS_SEARCH_USER_PATHS = NO;
				CLANG_ANALYZER_NONNULL = YES;
				CLANG_ANALYZER_NUMBER_OBJECT_CONVERSION = YES_AGGRESSIVE;
				CLANG_CXX_LANGUAGE_STANDARD = "gnu++14";
				CLANG_CXX_LIBRARY = "libc++";
				CLANG_ENABLE_MODULES = YES;
				CLANG_ENABLE_OBJC_ARC = YES;
				CLANG_WARN_BLOCK_CAPTURE_AUTORELEASING = YES;
				CLANG_WARN_BOOL_CONVERSION = YES;
				CLANG_WARN_COMMA = YES;
				CLANG_WARN_CONSTANT_CONVERSION = YES;
				CLANG_WARN_DIRECT_OBJC_ISA_USAGE = YES_ERROR;
				CLANG_WARN_DOCUMENTATION_COMMENTS = YES;
				CLANG_WARN_EMPTY_BODY = YES;
				CLANG_WARN_ENUM_CONVERSION = YES;
				CLANG_WARN_INFINITE_RECURSION = YES;
				CLANG_WARN_INT_CONVERSION = YES;
				CLANG_WARN_NON_LITERAL_NULL_CONVERSION = YES;
				CLANG_WARN_OBJC_LITERAL_CONVERSION = YES;
				CLANG_WARN_OBJC_ROOT_CLASS = YES_ERROR;
				CLANG_WARN_RANGE_LOOP_ANALYSIS = YES;
				CLANG_WARN_STRICT_PROTOTYPES = YES;
				CLANG_WARN_SUSPICIOUS_MOVE = YES;
				CLANG_WARN_UNGUARDED_AVAILABILITY = YES_AGGRESSIVE;
				CLANG_WARN_UNREACHABLE_CODE = YES;
				CLANG_WARN__DUPLICATE_METHOD_MATCH = YES;
				CODE_SIGN_IDENTITY = "iPhone Developer";
				COPY_PHASE_STRIP = NO;
				DEBUG_INFORMATION_FORMAT = dwarf;
				ENABLE_STRICT_OBJC_MSGSEND = YES;
				ENABLE_TESTABILITY = YES;
				GCC_C_LANGUAGE_STANDARD = gnu11;
				GCC_DYNAMIC_NO_PIC = NO;
				GCC_NO_COMMON_BLOCKS = YES;
				GCC_OPTIMIZATION_LEVEL = 0;
				GCC_PREPROCESSOR_DEFINITIONS = (
					"DEBUG=1",
					"$(inherited)",
				);
				GCC_WARN_64_TO_32_BIT_CONVERSION = YES;
				GCC_WARN_ABOUT_RETURN_TYPE = YES_ERROR;
				GCC_WARN_UNDECLARED_SELECTOR = YES;
				GCC_WARN_UNINITIALIZED_AUTOS = YES_AGGRESSIVE;
				GCC_WARN_UNUSED_FUNCTION = YES;
				GCC_WARN_UNUSED_VARIABLE = YES;
				IPHONEOS_DEPLOYMENT_TARGET = 11.2;
				MTL_ENABLE_DEBUG_INFO = YES;
				ONLY_ACTIVE_ARCH = YES;
				SDKROOT = iphoneos;
				SWIFT_ACTIVE_COMPILATION_CONDITIONS = DEBUG;
				SWIFT_OPTIMIZATION_LEVEL = "-Onone";
			};
			name = Debug;
		};
		8190BA71203244110015EC99 /* Release */ = {
			isa = XCBuildConfiguration;
			buildSettings = {
				ALWAYS_SEARCH_USER_PATHS = NO;
				CLANG_ANALYZER_NONNULL = YES;
				CLANG_ANALYZER_NUMBER_OBJECT_CONVERSION = YES_AGGRESSIVE;
				CLANG_CXX_LANGUAGE_STANDARD = "gnu++14";
				CLANG_CXX_LIBRARY = "libc++";
				CLANG_ENABLE_MODULES = YES;
				CLANG_ENABLE_OBJC_ARC = YES;
				CLANG_WARN_BLOCK_CAPTURE_AUTORELEASING = YES;
				CLANG_WARN_BOOL_CONVERSION = YES;
				CLANG_WARN_COMMA = YES;
				CLANG_WARN_CONSTANT_CONVERSION = YES;
				CLANG_WARN_DIRECT_OBJC_ISA_USAGE = YES_ERROR;
				CLANG_WARN_DOCUMENTATION_COMMENTS = YES;
				CLANG_WARN_EMPTY_BODY = YES;
				CLANG_WARN_ENUM_CONVERSION = YES;
				CLANG_WARN_INFINITE_RECURSION = YES;
				CLANG_WARN_INT_CONVERSION = YES;
				CLANG_WARN_NON_LITERAL_NULL_CONVERSION = YES;
				CLANG_WARN_OBJC_LITERAL_CONVERSION = YES;
				CLANG_WARN_OBJC_ROOT_CLASS = YES_ERROR;
				CLANG_WARN_RANGE_LOOP_ANALYSIS = YES;
				CLANG_WARN_STRICT_PROTOTYPES = YES;
				CLANG_WARN_SUSPICIOUS_MOVE = YES;
				CLANG_WARN_UNGUARDED_AVAILABILITY = YES_AGGRESSIVE;
				CLANG_WARN_UNREACHABLE_CODE = YES;
				CLANG_WARN__DUPLICATE_METHOD_MATCH = YES;
				CODE_SIGN_IDENTITY = "iPhone Developer";
				COPY_PHASE_STRIP = NO;
				DEBUG_INFORMATION_FORMAT = "dwarf-with-dsym";
				ENABLE_NS_ASSERTIONS = NO;
				ENABLE_STRICT_OBJC_MSGSEND = YES;
				GCC_C_LANGUAGE_STANDARD = gnu11;
				GCC_NO_COMMON_BLOCKS = YES;
				GCC_WARN_64_TO_32_BIT_CONVERSION = YES;
				GCC_WARN_ABOUT_RETURN_TYPE = YES_ERROR;
				GCC_WARN_UNDECLARED_SELECTOR = YES;
				GCC_WARN_UNINITIALIZED_AUTOS = YES_AGGRESSIVE;
				GCC_WARN_UNUSED_FUNCTION = YES;
				GCC_WARN_UNUSED_VARIABLE = YES;
				IPHONEOS_DEPLOYMENT_TARGET = 11.2;
				MTL_ENABLE_DEBUG_INFO = NO;
				SDKROOT = iphoneos;
				SWIFT_OPTIMIZATION_LEVEL = "-Owholemodule";
				VALIDATE_PRODUCT = YES;
			};
			name = Release;
		};
		8190BA73203244110015EC99 /* Debug */ = {
			isa = XCBuildConfiguration;
			baseConfigurationReference = 63C79E3E008400EA00A5690E /* Pods-FlashCardApp.debug.xcconfig */;
			buildSettings = {
				ASSETCATALOG_COMPILER_APPICON_NAME = AppIcon;
				CODE_SIGN_STYLE = Automatic;
				INFOPLIST_FILE = FlashCardApp/Info.plist;
				LD_RUNPATH_SEARCH_PATHS = "$(inherited) @executable_path/Frameworks";
				PRODUCT_BUNDLE_IDENTIFIER = nyc.c4Q.AC4.3.FlashCardApp;
				PRODUCT_NAME = "$(TARGET_NAME)";
				SWIFT_VERSION = 4.0;
				TARGETED_DEVICE_FAMILY = "1,2";
			};
			name = Debug;
		};
		8190BA74203244110015EC99 /* Release */ = {
			isa = XCBuildConfiguration;
			baseConfigurationReference = 2A697A0140F1AF92F8F80229 /* Pods-FlashCardApp.release.xcconfig */;
			buildSettings = {
				ASSETCATALOG_COMPILER_APPICON_NAME = AppIcon;
				CODE_SIGN_STYLE = Automatic;
				INFOPLIST_FILE = FlashCardApp/Info.plist;
				LD_RUNPATH_SEARCH_PATHS = "$(inherited) @executable_path/Frameworks";
				PRODUCT_BUNDLE_IDENTIFIER = nyc.c4Q.AC4.3.FlashCardApp;
				PRODUCT_NAME = "$(TARGET_NAME)";
				SWIFT_VERSION = 4.0;
				TARGETED_DEVICE_FAMILY = "1,2";
			};
			name = Release;
		};
		8190BA76203244110015EC99 /* Debug */ = {
			isa = XCBuildConfiguration;
			baseConfigurationReference = 9F703169413A9E56E5470F50 /* Pods-FlashCardAppTests.debug.xcconfig */;
			buildSettings = {
				ALWAYS_EMBED_SWIFT_STANDARD_LIBRARIES = YES;
				BUNDLE_LOADER = "$(TEST_HOST)";
				CODE_SIGN_STYLE = Automatic;
				INFOPLIST_FILE = FlashCardAppTests/Info.plist;
				LD_RUNPATH_SEARCH_PATHS = "$(inherited) @executable_path/Frameworks @loader_path/Frameworks";
				PRODUCT_BUNDLE_IDENTIFIER = nyc.c4Q.AC4.3.FlashCardAppTests;
				PRODUCT_NAME = "$(TARGET_NAME)";
				SWIFT_VERSION = 4.0;
				TARGETED_DEVICE_FAMILY = "1,2";
				TEST_HOST = "$(BUILT_PRODUCTS_DIR)/FlashCardApp.app/FlashCardApp";
			};
			name = Debug;
		};
		8190BA77203244110015EC99 /* Release */ = {
			isa = XCBuildConfiguration;
			baseConfigurationReference = F4F700807E55353808B1F88E /* Pods-FlashCardAppTests.release.xcconfig */;
			buildSettings = {
				ALWAYS_EMBED_SWIFT_STANDARD_LIBRARIES = YES;
				BUNDLE_LOADER = "$(TEST_HOST)";
				CODE_SIGN_STYLE = Automatic;
				INFOPLIST_FILE = FlashCardAppTests/Info.plist;
				LD_RUNPATH_SEARCH_PATHS = "$(inherited) @executable_path/Frameworks @loader_path/Frameworks";
				PRODUCT_BUNDLE_IDENTIFIER = nyc.c4Q.AC4.3.FlashCardAppTests;
				PRODUCT_NAME = "$(TARGET_NAME)";
				SWIFT_VERSION = 4.0;
				TARGETED_DEVICE_FAMILY = "1,2";
				TEST_HOST = "$(BUILT_PRODUCTS_DIR)/FlashCardApp.app/FlashCardApp";
			};
			name = Release;
		};
		8190BA79203244110015EC99 /* Debug */ = {
			isa = XCBuildConfiguration;
			baseConfigurationReference = CEC42AD283B7F99B5A900E8D /* Pods-FlashCardAppUITests.debug.xcconfig */;
			buildSettings = {
				ALWAYS_EMBED_SWIFT_STANDARD_LIBRARIES = YES;
				CODE_SIGN_STYLE = Automatic;
				INFOPLIST_FILE = FlashCardAppUITests/Info.plist;
				LD_RUNPATH_SEARCH_PATHS = "$(inherited) @executable_path/Frameworks @loader_path/Frameworks";
				PRODUCT_BUNDLE_IDENTIFIER = nyc.c4Q.AC4.3.FlashCardAppUITests;
				PRODUCT_NAME = "$(TARGET_NAME)";
				SWIFT_VERSION = 4.0;
				TARGETED_DEVICE_FAMILY = "1,2";
				TEST_TARGET_NAME = FlashCardApp;
			};
			name = Debug;
		};
		8190BA7A203244110015EC99 /* Release */ = {
			isa = XCBuildConfiguration;
			baseConfigurationReference = 29DDA438C173C8947563C3A7 /* Pods-FlashCardAppUITests.release.xcconfig */;
			buildSettings = {
				ALWAYS_EMBED_SWIFT_STANDARD_LIBRARIES = YES;
				CODE_SIGN_STYLE = Automatic;
				INFOPLIST_FILE = FlashCardAppUITests/Info.plist;
				LD_RUNPATH_SEARCH_PATHS = "$(inherited) @executable_path/Frameworks @loader_path/Frameworks";
				PRODUCT_BUNDLE_IDENTIFIER = nyc.c4Q.AC4.3.FlashCardAppUITests;
				PRODUCT_NAME = "$(TARGET_NAME)";
				SWIFT_VERSION = 4.0;
				TARGETED_DEVICE_FAMILY = "1,2";
				TEST_TARGET_NAME = FlashCardApp;
			};
			name = Release;
		};
/* End XCBuildConfiguration section */

/* Begin XCConfigurationList section */
		8190BA45203244100015EC99 /* Build configuration list for PBXProject "FlashCardApp" */ = {
			isa = XCConfigurationList;
			buildConfigurations = (
				8190BA70203244110015EC99 /* Debug */,
				8190BA71203244110015EC99 /* Release */,
			);
			defaultConfigurationIsVisible = 0;
			defaultConfigurationName = Release;
		};
		8190BA72203244110015EC99 /* Build configuration list for PBXNativeTarget "FlashCardApp" */ = {
			isa = XCConfigurationList;
			buildConfigurations = (
				8190BA73203244110015EC99 /* Debug */,
				8190BA74203244110015EC99 /* Release */,
			);
			defaultConfigurationIsVisible = 0;
			defaultConfigurationName = Release;
		};
		8190BA75203244110015EC99 /* Build configuration list for PBXNativeTarget "FlashCardAppTests" */ = {
			isa = XCConfigurationList;
			buildConfigurations = (
				8190BA76203244110015EC99 /* Debug */,
				8190BA77203244110015EC99 /* Release */,
			);
			defaultConfigurationIsVisible = 0;
			defaultConfigurationName = Release;
		};
		8190BA78203244110015EC99 /* Build configuration list for PBXNativeTarget "FlashCardAppUITests" */ = {
			isa = XCConfigurationList;
			buildConfigurations = (
				8190BA79203244110015EC99 /* Debug */,
				8190BA7A203244110015EC99 /* Release */,
			);
			defaultConfigurationIsVisible = 0;
			defaultConfigurationName = Release;
		};
/* End XCConfigurationList section */
	};
	rootObject = 8190BA42203244100015EC99 /* Project object */;
}
